
Microsoft Visual Studio Solution File, Format Version 12.00
# Visual Studio Version 18
VisualStudioVersion = 18.2.11415.280 d18.0
MinimumVisualStudioVersion = 10.0.40219.1
Project("{FAE04EC0-301F-11D3-BF4B-00C04F79EFBC}") = "FastTodo.API", "src\Host\FastTodo.API\FastTodo.API.csproj", "{699C7FF7-AC75-4A34-BA1A-E16AFB3FC20E}"
EndProject
Project("{FAE04EC0-301F-11D3-BF4B-00C04F79EFBC}") = "FastTodo.Application", "src\FastTodo.Application\FastTodo.Application.csproj", "{4A280EB0-4F8B-48E0-B09C-1130069887D9}"
EndProject
Project("{FAE04EC0-301F-11D3-BF4B-00C04F79EFBC}") = "FastTodo.Domain", "src\FastTodo.Domain\FastTodo.Domain.csproj", "{D504E7ED-BA02-4291-BB15-F33D40EE3EFA}"
EndProject
Project("{FAE04EC0-301F-11D3-BF4B-00C04F79EFBC}") = "FastTodo.Infrastructure", "src\Infrastructure\Services\FastTodo.Infrastructure.csproj", "{27863A03-7002-43E1-9BA1-D05CDB284A5E}"
EndProject
Project("{FAE04EC0-301F-11D3-BF4B-00C04F79EFBC}") = "FastTodo.Persistence.EF", "src\Persistence\EF\FastTodo.Persistence.EF.csproj", "{BAF524E2-2BAB-4B6F-B143-A3AF4778E366}"
EndProject
Project("{FAE04EC0-301F-11D3-BF4B-00C04F79EFBC}") = "FastTodo.Persistence.SQLite", "src\Persistence\SQLite\FastTodo.Persistence.SQLite.csproj", "{796AFC2E-6FDE-49F2-80A1-86785E38B1FF}"
EndProject
Project("{FAE04EC0-301F-11D3-BF4B-00C04F79EFBC}") = "FastTodo.Infrastructure.Domain", "src\Infrastructure\Domain\FastTodo.Infrastructure.Domain.csproj", "{356FF29A-0B60-47BB-A25A-368976707B9D}"
EndProject
Project("{FAE04EC0-301F-11D3-BF4B-00C04F79EFBC}") = "FastTodo.SeedData", "src\Host\FastTodo.SeedData\FastTodo.SeedData.csproj", "{4A8BD502-39D7-45D0-B1B9-E00F5DCC7FCF}"
EndProject
Project("{2150E333-8FDC-42A3-9474-1A3956D46DE8}") = "src", "src", "{827E0CD3-B72D-47B6-A68D-7590B98EB39B}"
EndProject
Project("{2150E333-8FDC-42A3-9474-1A3956D46DE8}") = "Persistence", "Persistence", "{3BA5312F-4CB7-F189-D5EC-6A9485924027}"
EndProject
Project("{FAE04EC0-301F-11D3-BF4B-00C04F79EFBC}") = "FastTodo.Domain.Shared", "src\FastTodo.Domain.Shared\FastTodo.Domain.Shared.csproj", "{E40A53E3-8EA5-44C0-90CF-97D5D71BD43E}"
EndProject
Project("{2150E333-8FDC-42A3-9474-1A3956D46DE8}") = "Infrastructure", "Infrastructure", "{8EB7F8B2-96B7-44D2-83A5-14C544EC8B57}"
EndProject
Project("{2150E333-8FDC-42A3-9474-1A3956D46DE8}") = "Host", "Host", "{02EA681E-C7D8-13C7-8484-4AC65E1B71E8}"
EndProject
Project("{FAE04EC0-301F-11D3-BF4B-00C04F79EFBC}") = "FastTodo.Persistence.Postgres", "src\Persistence\Postgres\FastTodo.Persistence.Postgres.csproj", "{8C273D90-9EC8-4030-A48C-59879CF5B741}"
EndProject
Project("{FAE04EC0-301F-11D3-BF4B-00C04F79EFBC}") = "FastTodo.Persistence.Redis", "src\Persistence\Redis\FastTodo.Persistence.Redis.csproj", "{FEF28C4B-713A-41DC-8B76-0124A0CA615E}"
EndProject
Project("{FAE04EC0-301F-11D3-BF4B-00C04F79EFBC}") = "FastTodo.Persistence.Mongo", "src\Persistence\Mongo\FastTodo.Persistence.Mongo.csproj", "{7E2F453E-252E-45C0-9438-2A8341B7878C}"
EndProject
Global
	GlobalSection(SolutionConfigurationPlatforms) = preSolution
		Debug|Any CPU = Debug|Any CPU
		Debug|x64 = Debug|x64
		Debug|x86 = Debug|x86
		Release|Any CPU = Release|Any CPU
		Release|x64 = Release|x64
		Release|x86 = Release|x86
	EndGlobalSection
	GlobalSection(ProjectConfigurationPlatforms) = postSolution
		{699C7FF7-AC75-4A34-BA1A-E16AFB3FC20E}.Debug|Any CPU.ActiveCfg = Debug|Any CPU
		{699C7FF7-AC75-4A34-BA1A-E16AFB3FC20E}.Debug|Any CPU.Build.0 = Debug|Any CPU
		{699C7FF7-AC75-4A34-BA1A-E16AFB3FC20E}.Debug|x64.ActiveCfg = Debug|Any CPU
		{699C7FF7-AC75-4A34-BA1A-E16AFB3FC20E}.Debug|x64.Build.0 = Debug|Any CPU
		{699C7FF7-AC75-4A34-BA1A-E16AFB3FC20E}.Debug|x86.ActiveCfg = Debug|Any CPU
		{699C7FF7-AC75-4A34-BA1A-E16AFB3FC20E}.Debug|x86.Build.0 = Debug|Any CPU
		{699C7FF7-AC75-4A34-BA1A-E16AFB3FC20E}.Release|Any CPU.ActiveCfg = Release|Any CPU
		{699C7FF7-AC75-4A34-BA1A-E16AFB3FC20E}.Release|Any CPU.Build.0 = Release|Any CPU
		{699C7FF7-AC75-4A34-BA1A-E16AFB3FC20E}.Release|x64.ActiveCfg = Release|Any CPU
		{699C7FF7-AC75-4A34-BA1A-E16AFB3FC20E}.Release|x64.Build.0 = Release|Any CPU
		{699C7FF7-AC75-4A34-BA1A-E16AFB3FC20E}.Release|x86.ActiveCfg = Release|Any CPU
		{699C7FF7-AC75-4A34-BA1A-E16AFB3FC20E}.Release|x86.Build.0 = Release|Any CPU
		{4A280EB0-4F8B-48E0-B09C-1130069887D9}.Debug|Any CPU.ActiveCfg = Debug|Any CPU
		{4A280EB0-4F8B-48E0-B09C-1130069887D9}.Debug|Any CPU.Build.0 = Debug|Any CPU
		{4A280EB0-4F8B-48E0-B09C-1130069887D9}.Debug|x64.ActiveCfg = Debug|Any CPU
		{4A280EB0-4F8B-48E0-B09C-1130069887D9}.Debug|x64.Build.0 = Debug|Any CPU
		{4A280EB0-4F8B-48E0-B09C-1130069887D9}.Debug|x86.ActiveCfg = Debug|Any CPU
		{4A280EB0-4F8B-48E0-B09C-1130069887D9}.Debug|x86.Build.0 = Debug|Any CPU
		{4A280EB0-4F8B-48E0-B09C-1130069887D9}.Release|Any CPU.ActiveCfg = Release|Any CPU
		{4A280EB0-4F8B-48E0-B09C-1130069887D9}.Release|Any CPU.Build.0 = Release|Any CPU
		{4A280EB0-4F8B-48E0-B09C-1130069887D9}.Release|x64.ActiveCfg = Release|Any CPU
		{4A280EB0-4F8B-48E0-B09C-1130069887D9}.Release|x64.Build.0 = Release|Any CPU
		{4A280EB0-4F8B-48E0-B09C-1130069887D9}.Release|x86.ActiveCfg = Release|Any CPU
		{4A280EB0-4F8B-48E0-B09C-1130069887D9}.Release|x86.Build.0 = Release|Any CPU
		{D504E7ED-BA02-4291-BB15-F33D40EE3EFA}.Debug|Any CPU.ActiveCfg = Debug|Any CPU
		{D504E7ED-BA02-4291-BB15-F33D40EE3EFA}.Debug|Any CPU.Build.0 = Debug|Any CPU
		{D504E7ED-BA02-4291-BB15-F33D40EE3EFA}.Debug|x64.ActiveCfg = Debug|Any CPU
		{D504E7ED-BA02-4291-BB15-F33D40EE3EFA}.Debug|x64.Build.0 = Debug|Any CPU
		{D504E7ED-BA02-4291-BB15-F33D40EE3EFA}.Debug|x86.ActiveCfg = Debug|Any CPU
		{D504E7ED-BA02-4291-BB15-F33D40EE3EFA}.Debug|x86.Build.0 = Debug|Any CPU
		{D504E7ED-BA02-4291-BB15-F33D40EE3EFA}.Release|Any CPU.ActiveCfg = Release|Any CPU
		{D504E7ED-BA02-4291-BB15-F33D40EE3EFA}.Release|Any CPU.Build.0 = Release|Any CPU
		{D504E7ED-BA02-4291-BB15-F33D40EE3EFA}.Release|x64.ActiveCfg = Release|Any CPU
		{D504E7ED-BA02-4291-BB15-F33D40EE3EFA}.Release|x64.Build.0 = Release|Any CPU
		{D504E7ED-BA02-4291-BB15-F33D40EE3EFA}.Release|x86.ActiveCfg = Release|Any CPU
		{D504E7ED-BA02-4291-BB15-F33D40EE3EFA}.Release|x86.Build.0 = Release|Any CPU
		{27863A03-7002-43E1-9BA1-D05CDB284A5E}.Debug|Any CPU.ActiveCfg = Debug|Any CPU
		{27863A03-7002-43E1-9BA1-D05CDB284A5E}.Debug|Any CPU.Build.0 = Debug|Any CPU
		{27863A03-7002-43E1-9BA1-D05CDB284A5E}.Debug|x64.ActiveCfg = Debug|Any CPU
		{27863A03-7002-43E1-9BA1-D05CDB284A5E}.Debug|x64.Build.0 = Debug|Any CPU
		{27863A03-7002-43E1-9BA1-D05CDB284A5E}.Debug|x86.ActiveCfg = Debug|Any CPU
		{27863A03-7002-43E1-9BA1-D05CDB284A5E}.Debug|x86.Build.0 = Debug|Any CPU
		{27863A03-7002-43E1-9BA1-D05CDB284A5E}.Release|Any CPU.ActiveCfg = Release|Any CPU
		{27863A03-7002-43E1-9BA1-D05CDB284A5E}.Release|Any CPU.Build.0 = Release|Any CPU
		{27863A03-7002-43E1-9BA1-D05CDB284A5E}.Release|x64.ActiveCfg = Release|Any CPU
		{27863A03-7002-43E1-9BA1-D05CDB284A5E}.Release|x64.Build.0 = Release|Any CPU
		{27863A03-7002-43E1-9BA1-D05CDB284A5E}.Release|x86.ActiveCfg = Release|Any CPU
		{27863A03-7002-43E1-9BA1-D05CDB284A5E}.Release|x86.Build.0 = Release|Any CPU
		{BAF524E2-2BAB-4B6F-B143-A3AF4778E366}.Debug|Any CPU.ActiveCfg = Debug|Any CPU
		{BAF524E2-2BAB-4B6F-B143-A3AF4778E366}.Debug|Any CPU.Build.0 = Debug|Any CPU
		{BAF524E2-2BAB-4B6F-B143-A3AF4778E366}.Debug|x64.ActiveCfg = Debug|Any CPU
		{BAF524E2-2BAB-4B6F-B143-A3AF4778E366}.Debug|x64.Build.0 = Debug|Any CPU
		{BAF524E2-2BAB-4B6F-B143-A3AF4778E366}.Debug|x86.ActiveCfg = Debug|Any CPU
		{BAF524E2-2BAB-4B6F-B143-A3AF4778E366}.Debug|x86.Build.0 = Debug|Any CPU
		{BAF524E2-2BAB-4B6F-B143-A3AF4778E366}.Release|Any CPU.ActiveCfg = Release|Any CPU
		{BAF524E2-2BAB-4B6F-B143-A3AF4778E366}.Release|Any CPU.Build.0 = Release|Any CPU
		{BAF524E2-2BAB-4B6F-B143-A3AF4778E366}.Release|x64.ActiveCfg = Release|Any CPU
		{BAF524E2-2BAB-4B6F-B143-A3AF4778E366}.Release|x64.Build.0 = Release|Any CPU
		{BAF524E2-2BAB-4B6F-B143-A3AF4778E366}.Release|x86.ActiveCfg = Release|Any CPU
		{BAF524E2-2BAB-4B6F-B143-A3AF4778E366}.Release|x86.Build.0 = Release|Any CPU
		{796AFC2E-6FDE-49F2-80A1-86785E38B1FF}.Debug|Any CPU.ActiveCfg = Debug|Any CPU
		{796AFC2E-6FDE-49F2-80A1-86785E38B1FF}.Debug|Any CPU.Build.0 = Debug|Any CPU
		{796AFC2E-6FDE-49F2-80A1-86785E38B1FF}.Debug|x64.ActiveCfg = Debug|Any CPU
		{796AFC2E-6FDE-49F2-80A1-86785E38B1FF}.Debug|x64.Build.0 = Debug|Any CPU
		{796AFC2E-6FDE-49F2-80A1-86785E38B1FF}.Debug|x86.ActiveCfg = Debug|Any CPU
		{796AFC2E-6FDE-49F2-80A1-86785E38B1FF}.Debug|x86.Build.0 = Debug|Any CPU
		{796AFC2E-6FDE-49F2-80A1-86785E38B1FF}.Release|Any CPU.ActiveCfg = Release|Any CPU
		{796AFC2E-6FDE-49F2-80A1-86785E38B1FF}.Release|Any CPU.Build.0 = Release|Any CPU
		{796AFC2E-6FDE-49F2-80A1-86785E38B1FF}.Release|x64.ActiveCfg = Release|Any CPU
		{796AFC2E-6FDE-49F2-80A1-86785E38B1FF}.Release|x64.Build.0 = Release|Any CPU
		{796AFC2E-6FDE-49F2-80A1-86785E38B1FF}.Release|x86.ActiveCfg = Release|Any CPU
		{796AFC2E-6FDE-49F2-80A1-86785E38B1FF}.Release|x86.Build.0 = Release|Any CPU
		{356FF29A-0B60-47BB-A25A-368976707B9D}.Debug|Any CPU.ActiveCfg = Debug|Any CPU
		{356FF29A-0B60-47BB-A25A-368976707B9D}.Debug|Any CPU.Build.0 = Debug|Any CPU
		{356FF29A-0B60-47BB-A25A-368976707B9D}.Debug|x64.ActiveCfg = Debug|Any CPU
		{356FF29A-0B60-47BB-A25A-368976707B9D}.Debug|x64.Build.0 = Debug|Any CPU
		{356FF29A-0B60-47BB-A25A-368976707B9D}.Debug|x86.ActiveCfg = Debug|Any CPU
		{356FF29A-0B60-47BB-A25A-368976707B9D}.Debug|x86.Build.0 = Debug|Any CPU
		{356FF29A-0B60-47BB-A25A-368976707B9D}.Release|Any CPU.ActiveCfg = Release|Any CPU
		{356FF29A-0B60-47BB-A25A-368976707B9D}.Release|Any CPU.Build.0 = Release|Any CPU
		{356FF29A-0B60-47BB-A25A-368976707B9D}.Release|x64.ActiveCfg = Release|Any CPU
		{356FF29A-0B60-47BB-A25A-368976707B9D}.Release|x64.Build.0 = Release|Any CPU
		{356FF29A-0B60-47BB-A25A-368976707B9D}.Release|x86.ActiveCfg = Release|Any CPU
		{356FF29A-0B60-47BB-A25A-368976707B9D}.Release|x86.Build.0 = Release|Any CPU
		{4A8BD502-39D7-45D0-B1B9-E00F5DCC7FCF}.Debug|Any CPU.ActiveCfg = Debug|Any CPU
		{4A8BD502-39D7-45D0-B1B9-E00F5DCC7FCF}.Debug|Any CPU.Build.0 = Debug|Any CPU
		{4A8BD502-39D7-45D0-B1B9-E00F5DCC7FCF}.Debug|x64.ActiveCfg = Debug|Any CPU
		{4A8BD502-39D7-45D0-B1B9-E00F5DCC7FCF}.Debug|x64.Build.0 = Debug|Any CPU
		{4A8BD502-39D7-45D0-B1B9-E00F5DCC7FCF}.Debug|x86.ActiveCfg = Debug|Any CPU
		{4A8BD502-39D7-45D0-B1B9-E00F5DCC7FCF}.Debug|x86.Build.0 = Debug|Any CPU
		{4A8BD502-39D7-45D0-B1B9-E00F5DCC7FCF}.Release|Any CPU.ActiveCfg = Release|Any CPU
		{4A8BD502-39D7-45D0-B1B9-E00F5DCC7FCF}.Release|Any CPU.Build.0 = Release|Any CPU
		{4A8BD502-39D7-45D0-B1B9-E00F5DCC7FCF}.Release|x64.ActiveCfg = Release|Any CPU
		{4A8BD502-39D7-45D0-B1B9-E00F5DCC7FCF}.Release|x64.Build.0 = Release|Any CPU
		{4A8BD502-39D7-45D0-B1B9-E00F5DCC7FCF}.Release|x86.ActiveCfg = Release|Any CPU
		{4A8BD502-39D7-45D0-B1B9-E00F5DCC7FCF}.Release|x86.Build.0 = Release|Any CPU
		{E40A53E3-8EA5-44C0-90CF-97D5D71BD43E}.Debug|Any CPU.ActiveCfg = Debug|Any CPU
		{E40A53E3-8EA5-44C0-90CF-97D5D71BD43E}.Debug|Any CPU.Build.0 = Debug|Any CPU
		{E40A53E3-8EA5-44C0-90CF-97D5D71BD43E}.Debug|x64.ActiveCfg = Debug|Any CPU
		{E40A53E3-8EA5-44C0-90CF-97D5D71BD43E}.Debug|x64.Build.0 = Debug|Any CPU
		{E40A53E3-8EA5-44C0-90CF-97D5D71BD43E}.Debug|x86.ActiveCfg = Debug|Any CPU
		{E40A53E3-8EA5-44C0-90CF-97D5D71BD43E}.Debug|x86.Build.0 = Debug|Any CPU
		{E40A53E3-8EA5-44C0-90CF-97D5D71BD43E}.Release|Any CPU.ActiveCfg = Release|Any CPU
		{E40A53E3-8EA5-44C0-90CF-97D5D71BD43E}.Release|Any CPU.Build.0 = Release|Any CPU
		{E40A53E3-8EA5-44C0-90CF-97D5D71BD43E}.Release|x64.ActiveCfg = Release|Any CPU
		{E40A53E3-8EA5-44C0-90CF-97D5D71BD43E}.Release|x64.Build.0 = Release|Any CPU
		{E40A53E3-8EA5-44C0-90CF-97D5D71BD43E}.Release|x86.ActiveCfg = Release|Any CPU
		{E40A53E3-8EA5-44C0-90CF-97D5D71BD43E}.Release|x86.Build.0 = Release|Any CPU
		{8C273D90-9EC8-4030-A48C-59879CF5B741}.Debug|Any CPU.ActiveCfg = Debug|Any CPU
		{8C273D90-9EC8-4030-A48C-59879CF5B741}.Debug|Any CPU.Build.0 = Debug|Any CPU
		{8C273D90-9EC8-4030-A48C-59879CF5B741}.Debug|x64.ActiveCfg = Debug|Any CPU
		{8C273D90-9EC8-4030-A48C-59879CF5B741}.Debug|x64.Build.0 = Debug|Any CPU
		{8C273D90-9EC8-4030-A48C-59879CF5B741}.Debug|x86.ActiveCfg = Debug|Any CPU
		{8C273D90-9EC8-4030-A48C-59879CF5B741}.Debug|x86.Build.0 = Debug|Any CPU
		{8C273D90-9EC8-4030-A48C-59879CF5B741}.Release|Any CPU.ActiveCfg = Release|Any CPU
		{8C273D90-9EC8-4030-A48C-59879CF5B741}.Release|Any CPU.Build.0 = Release|Any CPU
		{8C273D90-9EC8-4030-A48C-59879CF5B741}.Release|x64.ActiveCfg = Release|Any CPU
		{8C273D90-9EC8-4030-A48C-59879CF5B741}.Release|x64.Build.0 = Release|Any CPU
		{8C273D90-9EC8-4030-A48C-59879CF5B741}.Release|x86.ActiveCfg = Release|Any CPU
		{8C273D90-9EC8-4030-A48C-59879CF5B741}.Release|x86.Build.0 = Release|Any CPU
		{FEF28C4B-713A-41DC-8B76-0124A0CA615E}.Debug|Any CPU.ActiveCfg = Debug|Any CPU
		{FEF28C4B-713A-41DC-8B76-0124A0CA615E}.Debug|Any CPU.Build.0 = Debug|Any CPU
		{FEF28C4B-713A-41DC-8B76-0124A0CA615E}.Debug|x64.ActiveCfg = Debug|Any CPU
		{FEF28C4B-713A-41DC-8B76-0124A0CA615E}.Debug|x64.Build.0 = Debug|Any CPU
		{FEF28C4B-713A-41DC-8B76-0124A0CA615E}.Debug|x86.ActiveCfg = Debug|Any CPU
		{FEF28C4B-713A-41DC-8B76-0124A0CA615E}.Debug|x86.Build.0 = Debug|Any CPU
		{FEF28C4B-713A-41DC-8B76-0124A0CA615E}.Release|Any CPU.ActiveCfg = Release|Any CPU
		{FEF28C4B-713A-41DC-8B76-0124A0CA615E}.Release|Any CPU.Build.0 = Release|Any CPU
		{FEF28C4B-713A-41DC-8B76-0124A0CA615E}.Release|x64.ActiveCfg = Release|Any CPU
		{FEF28C4B-713A-41DC-8B76-0124A0CA615E}.Release|x64.Build.0 = Release|Any CPU
		{FEF28C4B-713A-41DC-8B76-0124A0CA615E}.Release|x86.ActiveCfg = Release|Any CPU
		{FEF28C4B-713A-41DC-8B76-0124A0CA615E}.Release|x86.Build.0 = Release|Any CPU
		{7E2F453E-252E-45C0-9438-2A8341B7878C}.Debug|Any CPU.ActiveCfg = Debug|Any CPU
		{7E2F453E-252E-45C0-9438-2A8341B7878C}.Debug|Any CPU.Build.0 = Debug|Any CPU
		{7E2F453E-252E-45C0-9438-2A8341B7878C}.Debug|x64.ActiveCfg = Debug|Any CPU
		{7E2F453E-252E-45C0-9438-2A8341B7878C}.Debug|x64.Build.0 = Debug|Any CPU
		{7E2F453E-252E-45C0-9438-2A8341B7878C}.Debug|x86.ActiveCfg = Debug|Any CPU
		{7E2F453E-252E-45C0-9438-2A8341B7878C}.Debug|x86.Build.0 = Debug|Any CPU
		{7E2F453E-252E-45C0-9438-2A8341B7878C}.Release|Any CPU.ActiveCfg = Release|Any CPU
		{7E2F453E-252E-45C0-9438-2A8341B7878C}.Release|Any CPU.Build.0 = Release|Any CPU
		{7E2F453E-252E-45C0-9438-2A8341B7878C}.Release|x64.ActiveCfg = Release|Any CPU
		{7E2F453E-252E-45C0-9438-2A8341B7878C}.Release|x64.Build.0 = Release|Any CPU
		{7E2F453E-252E-45C0-9438-2A8341B7878C}.Release|x86.ActiveCfg = Release|Any CPU
		{7E2F453E-252E-45C0-9438-2A8341B7878C}.Release|x86.Build.0 = Release|Any CPU
	EndGlobalSection
	GlobalSection(SolutionProperties) = preSolution
		HideSolutionNode = FALSE
	EndGlobalSection
	GlobalSection(NestedProjects) = preSolution
		{699C7FF7-AC75-4A34-BA1A-E16AFB3FC20E} = {02EA681E-C7D8-13C7-8484-4AC65E1B71E8}
		{4A280EB0-4F8B-48E0-B09C-1130069887D9} = {827E0CD3-B72D-47B6-A68D-7590B98EB39B}
		{D504E7ED-BA02-4291-BB15-F33D40EE3EFA} = {827E0CD3-B72D-47B6-A68D-7590B98EB39B}
		{27863A03-7002-43E1-9BA1-D05CDB284A5E} = {8EB7F8B2-96B7-44D2-83A5-14C544EC8B57}
		{BAF524E2-2BAB-4B6F-B143-A3AF4778E366} = {3BA5312F-4CB7-F189-D5EC-6A9485924027}
		{796AFC2E-6FDE-49F2-80A1-86785E38B1FF} = {3BA5312F-4CB7-F189-D5EC-6A9485924027}
		{356FF29A-0B60-47BB-A25A-368976707B9D} = {8EB7F8B2-96B7-44D2-83A5-14C544EC8B57}
		{4A8BD502-39D7-45D0-B1B9-E00F5DCC7FCF} = {02EA681E-C7D8-13C7-8484-4AC65E1B71E8}
		{3BA5312F-4CB7-F189-D5EC-6A9485924027} = {827E0CD3-B72D-47B6-A68D-7590B98EB39B}
		{E40A53E3-8EA5-44C0-90CF-97D5D71BD43E} = {827E0CD3-B72D-47B6-A68D-7590B98EB39B}
		{8EB7F8B2-96B7-44D2-83A5-14C544EC8B57} = {827E0CD3-B72D-47B6-A68D-7590B98EB39B}
		{02EA681E-C7D8-13C7-8484-4AC65E1B71E8} = {827E0CD3-B72D-47B6-A68D-7590B98EB39B}
		{8C273D90-9EC8-4030-A48C-59879CF5B741} = {3BA5312F-4CB7-F189-D5EC-6A9485924027}
		{FEF28C4B-713A-41DC-8B76-0124A0CA615E} = {3BA5312F-4CB7-F189-D5EC-6A9485924027}
		{7E2F453E-252E-45C0-9438-2A8341B7878C} = {3BA5312F-4CB7-F189-D5EC-6A9485924027}
	EndGlobalSection
	GlobalSection(ExtensibilityGlobals) = postSolution
		SolutionGuid = {CDBE1359-C5BF-404F-A100-FF8E88155E48}
	EndGlobalSection
EndGlobal
